
Microsoft Visual Studio Solution File, Format Version 12.00
# Visual Studio Version 17
VisualStudioVersion = 17.3.32901.215
MinimumVisualStudioVersion = 10.0.40219.1
Project("{FAE04EC0-301F-11D3-BF4B-00C04F79EFBC}") = "assigment4", "assigment4\assigment4.csproj", "{0DD0B86F-4278-4241-9F54-5FFB495DA248}"
EndProject
Global
	GlobalSection(SolutionConfigurationPlatforms) = preSolution
		Debug|Any CPU = Debug|Any CPU
		Release|Any CPU = Release|Any CPU
	EndGlobalSection
	GlobalSection(ProjectConfigurationPlatforms) = postSolution
		{0DD0B86F-4278-4241-9F54-5FFB495DA248}.Debug|Any CPU.ActiveCfg = Debug|Any CPU
		{0DD0B86F-4278-4241-9F54-5FFB495DA248}.Debug|Any CPU.Build.0 = Debug|Any CPU
		{0DD0B86F-4278-4241-9F54-5FFB495DA248}.Release|Any CPU.ActiveCfg = Release|Any CPU
		{0DD0B86F-4278-4241-9F54-5FFB495DA248}.Release|Any CPU.Build.0 = Release|Any CPU
	EndGlobalSection
	GlobalSection(SolutionProperties) = preSolution
		HideSolutionNode = FALSE
	EndGlobalSection
	GlobalSection(ExtensibilityGlobals) = postSolution
		SolutionGuid = {1A8CF9AD-338F-4C91-960C-C4DAAD4A09BB}
	EndGlobalSection
EndGlobal
